
Microsoft Visual Studio Solution File, Format Version 12.00
# Visual Studio Version 17
VisualStudioVersion = 17.10.35013.160
MinimumVisualStudioVersion = 10.0.40219.1
Project("{FAE04EC0-301F-11D3-BF4B-00C04F79EFBC}") = "CalculatorOnXAML", "CalculatorOnXAML\CalculatorOnXAML.csproj", "{819C1A3D-38E4-4C99-81DA-0760F548BA09}"
EndProject
Global
	GlobalSection(SolutionConfigurationPlatforms) = preSolution
		Debug|Any CPU = Debug|Any CPU
		Release|Any CPU = Release|Any CPU
	EndGlobalSection
	GlobalSection(ProjectConfigurationPlatforms) = postSolution
		{819C1A3D-38E4-4C99-81DA-0760F548BA09}.Debug|Any CPU.ActiveCfg = Debug|Any CPU
		{819C1A3D-38E4-4C99-81DA-0760F548BA09}.Debug|Any CPU.Build.0 = Debug|Any CPU
		{819C1A3D-38E4-4C99-81DA-0760F548BA09}.Release|Any CPU.ActiveCfg = Release|Any CPU
		{819C1A3D-38E4-4C99-81DA-0760F548BA09}.Release|Any CPU.Build.0 = Release|Any CPU
	EndGlobalSection
	GlobalSection(SolutionProperties) = preSolution
		HideSolutionNode = FALSE
	EndGlobalSection
	GlobalSection(ExtensibilityGlobals) = postSolution
		SolutionGuid = {9D0245EE-4793-4C79-A74A-52714CC1EBB1}
	EndGlobalSection
EndGlobal
